// !$*UTF8*$!
{
	archiveVersion = 1;
	classes = {
	};
	objectVersion = 77;
	objects = {

/* Begin PBXContainerItemProxy section */
		C06754122EDF067C004CB0F6 /* PBXContainerItemProxy */ = {
			isa = PBXContainerItemProxy;
			containerPortal = C06753F02EDF0677004CB0F6 /* Project object */;
			proxyType = 1;
			remoteGlobalIDString = C06753F72EDF0677004CB0F6;
			remoteInfo = ShelfSmart;
		};
		C067541C2EDF067C004CB0F6 /* PBXContainerItemProxy */ = {
			isa = PBXContainerItemProxy;
			containerPortal = C06753F02EDF0677004CB0F6 /* Project object */;
			proxyType = 1;
			remoteGlobalIDString = C06753F72EDF0677004CB0F6;
			remoteInfo = ShelfSmart;
		};
/* End PBXContainerItemProxy section */

/* Begin PBXFileReference section */
		C06753F82EDF0677004CB0F6 /* ShelfSmart.app */ = {isa = PBXFileReference; explicitFileType = wrapper.application; includeInIndex = 0; path = ShelfSmart.app; sourceTree = BUILT_PRODUCTS_DIR; };
		C06754112EDF067C004CB0F6 /* ShelfSmartTests.xctest */ = {isa = PBXFileReference; explicitFileType = wrapper.cfbundle; includeInIndex = 0; path = ShelfSmartTests.xctest; sourceTree = BUILT_PRODUCTS_DIR; };
		C067541B2EDF067C004CB0F6 /* ShelfSmartUITests.xctest */ = {isa = PBXFileReference; explicitFileType = wrapper.cfbundle; includeInIndex = 0; path = ShelfSmartUITests.xctest; sourceTree = BUILT_PRODUCTS_DIR; };
/* End PBXFileReference section */

/* Begin PBXFileSystemSynchronizedBuildFileExceptionSet section */
		C06754232EDF067D004CB0F6 /* Exceptions for "ShelfSmart" folder in "ShelfSmart" target */ = {
			isa = PBXFileSystemSynchronizedBuildFileExceptionSet;
			membershipExceptions = (
				Info.plist,
			);
			target = C06753F72EDF0677004CB0F6 /* ShelfSmart */;
		};
/* End PBXFileSystemSynchronizedBuildFileExceptionSet section */

/* Begin PBXFileSystemSynchronizedRootGroup section */
		C06753FA2EDF0677004CB0F6 /* ShelfSmart */ = {
			isa = PBXFileSystemSynchronizedRootGroup;
			exceptions = (
				C06754232EDF067D004CB0F6 /* Exceptions for "ShelfSmart" folder in "ShelfSmart" target */,
			);
			path = ShelfSmart;
			sourceTree = "<group>";
		};
		C06754142EDF067C004CB0F6 /* ShelfSmartTests */ = {
			isa = PBXFileSystemSynchronizedRootGroup;
			path = ShelfSmartTests;
			sourceTree = "<group>";
		};
		C067541E2EDF067C004CB0F6 /* ShelfSmartUITests */ = {
			isa = PBXFileSystemSynchronizedRootGroup;
			path = ShelfSmartUITests;
			sourceTree = "<group>";
		};
/* End PBXFileSystemSynchronizedRootGroup section */

/* Begin PBXFrameworksBuildPhase section */
		C06753F52EDF0677004CB0F6 /* Frameworks */ = {
			isa = PBXFrameworksBuildPhase;
			buildActionMask = 2147483647;
			files = (
			);
			runOnlyForDeploymentPostprocessing = 0;
		};
		C067540E2EDF067C004CB0F6 /* Frameworks */ = {
			isa = PBXFrameworksBuildPhase;
			buildActionMask = 2147483647;
			files = (
			);
			runOnlyForDeploymentPostprocessing = 0;
		};
		C06754182EDF067C004CB0F6 /* Frameworks */ = {
			isa = PBXFrameworksBuildPhase;
			buildActionMask = 2147483647;
			files = (
			);
			runOnlyForDeploymentPostprocessing = 0;
		};
/* End PBXFrameworksBuildPhase section */

/* Begin PBXGroup section */
		C06753EF2EDF0677004CB0F6 = {
			isa = PBXGroup;
			children = (
				C06753FA2EDF0677004CB0F6 /* ShelfSmart */,
				C06754142EDF067C004CB0F6 /* ShelfSmartTests */,
				C067541E2EDF067C004CB0F6 /* ShelfSmartUITests */,
				C06753F92EDF0677004CB0F6 /* Products */,
			);
			sourceTree = "<group>";
		};
		C06753F92EDF0677004CB0F6 /* Products */ = {
			isa = PBXGroup;
			children = (
				C06753F82EDF0677004CB0F6 /* ShelfSmart.app */,
				C06754112EDF067C004CB0F6 /* ShelfSmartTests.xctest */,
				C067541B2EDF067C004CB0F6 /* ShelfSmartUITests.xctest */,
			);
			name = Products;
			sourceTree = "<group>";
		};
/* End PBXGroup section */

/* Begin PBXNativeTarget section */
		C06753F72EDF0677004CB0F6 /* ShelfSmart */ = {
			isa = PBXNativeTarget;
			buildConfigurationList = C06754242EDF067D004CB0F6 /* Build configuration list for PBXNativeTarget "ShelfSmart" */;
			buildPhases = (
				C06753F42EDF0677004CB0F6 /* Sources */,
				C06753F52EDF0677004CB0F6 /* Frameworks */,
				C06753F62EDF0677004CB0F6 /* Resources */,
			);
			buildRules = (
			);
			dependencies = (
			);
			fileSystemSynchronizedGroups = (
				C06753FA2EDF0677004CB0F6 /* ShelfSmart */,
			);
			name = ShelfSmart;
			packageProductDependencies = (
			);
			productName = ShelfSmart;
			productReference = C06753F82EDF0677004CB0F6 /* ShelfSmart.app */;
			productType = "com.apple.product-type.application";
		};
		C06754102EDF067C004CB0F6 /* ShelfSmartTests */ = {
			isa = PBXNativeTarget;
			buildConfigurationList = C06754292EDF067D004CB0F6 /* Build configuration list for PBXNativeTarget "ShelfSmartTests" */;
			buildPhases = (
				C067540D2EDF067C004CB0F6 /* Sources */,
				C067540E2EDF067C004CB0F6 /* Frameworks */,
				C067540F2EDF067C004CB0F6 /* Resources */,
			);
			buildRules = (
			);
			dependencies = (
				C06754132EDF067C004CB0F6 /* PBXTargetDependency */,
			);
			fileSystemSynchronizedGroups = (
				C06754142EDF067C004CB0F6 /* ShelfSmartTests */,
			);
			name = ShelfSmartTests;
			packageProductDependencies = (
			);
			productName = ShelfSmartTests;
			productReference = C06754112EDF067C004CB0F6 /* ShelfSmartTests.xctest */;
			productType = "com.apple.product-type.bundle.unit-test";
		};
		C067541A2EDF067C004CB0F6 /* ShelfSmartUITests */ = {
			isa = PBXNativeTarget;
			buildConfigurationList = C067542C2EDF067D004CB0F6 /* Build configuration list for PBXNativeTarget "ShelfSmartUITests" */;
			buildPhases = (
				C06754172EDF067C004CB0F6 /* Sources */,
				C06754182EDF067C004CB0F6 /* Frameworks */,
				C06754192EDF067C004CB0F6 /* Resources */,
			);
			buildRules = (
			);
			dependencies = (
				C067541D2EDF067C004CB0F6 /* PBXTargetDependency */,
			);
			fileSystemSynchronizedGroups = (
				C067541E2EDF067C004CB0F6 /* ShelfSmartUITests */,
			);
			name = ShelfSmartUITests;
			packageProductDependencies = (
			);
			productName = ShelfSmartUITests;
			productReference = C067541B2EDF067C004CB0F6 /* ShelfSmartUITests.xctest */;
			productType = "com.apple.product-type.bundle.ui-testing";
		};
/* End PBXNativeTarget section */

/* Begin PBXProject section */
		C06753F02EDF0677004CB0F6 /* Project object */ = {
			isa = PBXProject;
			attributes = {
				BuildIndependentTargetsInParallel = 1;
				LastSwiftUpdateCheck = 1640;
				LastUpgradeCheck = 1640;
				TargetAttributes = {
					C06753F72EDF0677004CB0F6 = {
						CreatedOnToolsVersion = 16.4;
					};
					C06754102EDF067C004CB0F6 = {
						CreatedOnToolsVersion = 16.4;
						TestTargetID = C06753F72EDF0677004CB0F6;
					};
					C067541A2EDF067C004CB0F6 = {
						CreatedOnToolsVersion = 16.4;
						TestTargetID = C06753F72EDF0677004CB0F6;
					};
				};
			};
			buildConfigurationList = C06753F32EDF0677004CB0F6 /* Build configuration list for PBXProject "ShelfSmart" */;
			developmentRegion = en;
			hasScannedForEncodings = 0;
			knownRegions = (
				en,
				Base,
			);
			mainGroup = C06753EF2EDF0677004CB0F6;
			minimizedProjectReferenceProxies = 1;
			preferredProjectObjectVersion = 77;
			productRefGroup = C06753F92EDF0677004CB0F6 /* Products */;
			projectDirPath = "";
			projectRoot = "";
			targets = (
				C06753F72EDF0677004CB0F6 /* ShelfSmart */,
				C06754102EDF067C004CB0F6 /* ShelfSmartTests */,
				C067541A2EDF067C004CB0F6 /* ShelfSmartUITests */,
			);
		};
/* End PBXProject section */

/* Begin PBXResourcesBuildPhase section */
		C06753F62EDF0677004CB0F6 /* Resources */ = {
			isa = PBXResourcesBuildPhase;
			buildActionMask = 2147483647;
			files = (
			);
			runOnlyForDeploymentPostprocessing = 0;
		};
		C067540F2EDF067C004CB0F6 /* Resources */ = {
			isa = PBXResourcesBuildPhase;
			buildActionMask = 2147483647;
			files = (
			);
			runOnlyForDeploymentPostprocessing = 0;
		};
		C06754192EDF067C004CB0F6 /* Resources */ = {
			isa = PBXResourcesBuildPhase;
			buildActionMask = 2147483647;
			files = (
			);
			runOnlyForDeploymentPostprocessing = 0;
		};
/* End PBXResourcesBuildPhase section */

/* Begin PBXSourcesBuildPhase section */
		C06753F42EDF0677004CB0F6 /* Sources */ = {
			isa = PBXSourcesBuildPhase;
			buildActionMask = 2147483647;
			files = (
			);
			runOnlyForDeploymentPostprocessing = 0;
		};
		C067540D2EDF067C004CB0F6 /* Sources */ = {
			isa = PBXSourcesBuildPhase;
			buildActionMask = 2147483647;
			files = (
			);
			runOnlyForDeploymentPostprocessing = 0;
		};
		C06754172EDF067C004CB0F6 /* Sources */ = {
			isa = PBXSourcesBuildPhase;
			buildActionMask = 2147483647;
			files = (
			);
			runOnlyForDeploymentPostprocessing = 0;
		};
/* End PBXSourcesBuildPhase section */

/* Begin PBXTargetDependency section */
		C06754132EDF067C004CB0F6 /* PBXTargetDependency */ = {
			isa = PBXTargetDependency;
			target = C06753F72EDF0677004CB0F6 /* ShelfSmart */;
			targetProxy = C06754122EDF067C004CB0F6 /* PBXContainerItemProxy */;
		};
		C067541D2EDF067C004CB0F6 /* PBXTargetDependency */ = {
			isa = PBXTargetDependency;
			target = C06753F72EDF0677004CB0F6 /* ShelfSmart */;
			targetProxy = C067541C2EDF067C004CB0F6 /* PBXContainerItemProxy */;
		};
/* End PBXTargetDependency section */

/* Begin XCBuildConfiguration section */
		C06754252EDF067D004CB0F6 /* Debug */ = {
			isa = XCBuildConfiguration;
			buildSettings = {
				ASSETCATALOG_COMPILER_APPICON_NAME = AppIcon;
				ASSETCATALOG_COMPILER_GLOBAL_ACCENT_COLOR_NAME = AccentColor;
				CODE_SIGN_STYLE = Automatic;
				CURRENT_PROJECT_VERSION = 1;
				DEVELOPMENT_TEAM = 4K3G2F28PZ;
				GENERATE_INFOPLIST_FILE = YES;
				INFOPLIST_FILE = ShelfSmart/Info.plist;
				INFOPLIST_KEY_UIApplicationSupportsIndirectInputEvents = YES;
				INFOPLIST_KEY_UILaunchStoryboardName = LaunchScreen;
				INFOPLIST_KEY_UIMainStoryboardFile = Main;
				INFOPLIST_KEY_UISupportedInterfaceOrientations_iPad = "UIInterfaceOrientationPortrait UIInterfaceOrientationPortraitUpsideDown UIInterfaceOrientationLandscapeLeft UIInterfaceOrientationLandscapeRight";
				INFOPLIST_KEY_UISupportedInterfaceOrientations_iPhone = "UIInterfaceOrientationPortrait UIInterfaceOrientationLandscapeLeft UIInterfaceOrientationLandscapeRight";
				LD_RUNPATH_SEARCH_PATHS = (
					"$(inherited)",
					"@executable_path/Frameworks",
				);
				MARKETING_VERSION = 1.0;
				PRODUCT_BUNDLE_IDENTIFIER = com.prashanth.ShelfSmart;
				PRODUCT_NAME = "$(TARGET_NAME)";
				SWIFT_EMIT_LOC_STRINGS = YES;
				SWIFT_VERSION = 5.0;
				TARGETED_DEVICE_FAMILY = "1,2";
			};
			name = Debug;
		};
		C06754262EDF067D004CB0F6 /* Release */ = {
			isa = XCBuildConfiguration;
			buildSettings = {
				ASSETCATALOG_COMPILER_APPICON_NAME = AppIcon;
				ASSETCATALOG_COMPILER_GLOBAL_ACCENT_COLOR_NAME = AccentColor;
				CODE_SIGN_STYLE = Automatic;
				CURRENT_PROJECT_VERSION = 1;
				DEVELOPMENT_TEAM = 4K3G2F28PZ;
				GENERATE_INFOPLIST_FILE = YES;
				INFOPLIST_FILE = ShelfSmart/Info.plist;
				INFOPLIST_KEY_UIApplicationSupportsIndirectInputEvents = YES;
				INFOPLIST_KEY_UILaunchStoryboardName = LaunchScreen;
				INFOPLIST_KEY_UIMainStoryboardFile = Main;
				INFOPLIST_KEY_UISupportedInterfaceOrientations_iPad = "UIInterfaceOrientationPortrait UIInterfaceOrientationPortraitUpsideDown UIInterfaceOrientationLandscapeLeft UIInterfaceOrientationLandscapeRight";
				INFOPLIST_KEY_UISupportedInterfaceOrientations_iPhone = "UIInterfaceOrientationPortrait UIInterfaceOrientationLandscapeLeft UIInterfaceOrientationLandscapeRight";
				LD_RUNPATH_SEARCH_PATHS = (
					"$(inherited)",
					"@executable_path/Frameworks",
				);
				MARKETING_VERSION = 1.0;
				PRODUCT_BUNDLE_IDENTIFIER = com.prashanth.ShelfSmart;
				PRODUCT_NAME = "$(TARGET_NAME)";
				SWIFT_EMIT_LOC_STRINGS = YES;
				SWIFT_VERSION = 5.0;
				TARGETED_DEVICE_FAMILY = "1,2";
			};
			name = Release;
		};
		C06754272EDF067D004CB0F6 /* Debug */ = {
			isa = XCBuildConfiguration;
			buildSettings = {
				ALWAYS_SEARCH_USER_PATHS = NO;
				ASSETCATALOG_COMPILER_GENERATE_SWIFT_ASSET_SYMBOL_EXTENSIONS = YES;
				CLANG_ANALYZER_NONNULL = YES;
				CLANG_ANALYZER_NUMBER_OBJECT_CONVERSION = YES_AGGRESSIVE;
				CLANG_CXX_LANGUAGE_STANDARD = "gnu++20";
				CLANG_ENABLE_MODULES = YES;
				CLANG_ENABLE_OBJC_ARC = YES;
				CLANG_ENABLE_OBJC_WEAK = YES;
				CLANG_WARN_BLOCK_CAPTURE_AUTORELEASING = YES;
				CLANG_WARN_BOOL_CONVERSION = YES;
				CLANG_WARN_COMMA = YES;
				CLANG_WARN_CONSTANT_CONVERSION = YES;
				CLANG_WARN_DEPRECATED_OBJC_IMPLEMENTATIONS = YES;
				CLANG_WARN_DIRECT_OBJC_ISA_USAGE = YES_ERROR;
				CLANG_WARN_DOCUMENTATION_COMMENTS = YES;
				CLANG_WARN_EMPTY_BODY = YES;
				CLANG_WARN_ENUM_CONVERSION = YES;
				CLANG_WARN_INFINITE_RECURSION = YES;
				CLANG_WARN_INT_CONVERSION = YES;
				CLANG_WARN_NON_LITERAL_NULL_CONVERSION = YES;
				CLANG_WARN_OBJC_IMPLICIT_RETAIN_SELF = YES;
				CLANG_WARN_OBJC_LITERAL_CONVERSION = YES;
				CLANG_WARN_OBJC_ROOT_CLASS = YES_ERROR;
				CLANG_WARN_QUOTED_INCLUDE_IN_FRAMEWORK_HEADER = YES;
				CLANG_WARN_RANGE_LOOP_ANALYSIS = YES;
				CLANG_WARN_STRICT_PROTOTYPES = YES;
				CLANG_WARN_SUSPICIOUS_MOVE = YES;
				CLANG_WARN_UNGUARDED_AVAILABILITY = YES_AGGRESSIVE;
				CLANG_WARN_UNREACHABLE_CODE = YES;
				CLANG_WARN__DUPLICATE_METHOD_MATCH = YES;
				COPY_PHASE_STRIP = NO;
				DEBUG_INFORMATION_FORMAT = dwarf;
				DEVELOPMENT_TEAM = 4K3G2F28PZ;
				ENABLE_STRICT_OBJC_MSGSEND = YES;
				ENABLE_TESTABILITY = YES;
				ENABLE_USER_SCRIPT_SANDBOXING = YES;
				GCC_C_LANGUAGE_STANDARD = gnu17;
				GCC_DYNAMIC_NO_PIC = NO;
				GCC_NO_COMMON_BLOCKS = YES;
				GCC_OPTIMIZATION_LEVEL = 0;
				GCC_PREPROCESSOR_DEFINITIONS = (
					"DEBUG=1",
					"$(inherited)",
				);
				GCC_WARN_64_TO_32_BIT_CONVERSION = YES;
				GCC_WARN_ABOUT_RETURN_TYPE = YES_ERROR;
				GCC_WARN_UNDECLARED_SELECTOR = YES;
				GCC_WARN_UNINITIALIZED_AUTOS = YES_AGGRESSIVE;
				GCC_WARN_UNUSED_FUNCTION = YES;
				GCC_WARN_UNUSED_VARIABLE = YES;
				IPHONEOS_DEPLOYMENT_TARGET = 18.5;
				LOCALIZATION_PREFERS_STRING_CATALOGS = YES;
				MTL_ENABLE_DEBUG_INFO = INCLUDE_SOURCE;
				MTL_FAST_MATH = YES;
				ONLY_ACTIVE_ARCH = YES;
				SDKROOT = iphoneos;
				SWIFT_ACTIVE_COMPILATION_CONDITIONS = "DEBUG $(inherited)";
				SWIFT_OPTIMIZATION_LEVEL = "-Onone";
			};
			name = Debug;
		};
		C06754282EDF067D004CB0F6 /* Release */ = {
			isa = XCBuildConfiguration;
			buildSettings = {
				ALWAYS_SEARCH_USER_PATHS = NO;
				ASSETCATALOG_COMPILER_GENERATE_SWIFT_ASSET_SYMBOL_EXTENSIONS = YES;
				CLANG_ANALYZER_NONNULL = YES;
				CLANG_ANALYZER_NUMBER_OBJECT_CONVERSION = YES_AGGRESSIVE;
				CLANG_CXX_LANGUAGE_STANDARD = "gnu++20";
				CLANG_ENABLE_MODULES = YES;
				CLANG_ENABLE_OBJC_ARC = YES;
				CLANG_ENABLE_OBJC_WEAK = YES;
				CLANG_WARN_BLOCK_CAPTURE_AUTORELEASING = YES;
				CLANG_WARN_BOOL_CONVERSION = YES;
				CLANG_WARN_COMMA = YES;
				CLANG_WARN_CONSTANT_CONVERSION = YES;
				CLANG_WARN_DEPRECATED_OBJC_IMPLEMENTATIONS = YES;
				CLANG_WARN_DIRECT_OBJC_ISA_USAGE = YES_ERROR;
				CLANG_WARN_DOCUMENTATION_COMMENTS = YES;
				CLANG_WARN_EMPTY_BODY = YES;
				CLANG_WARN_ENUM_CONVERSION = YES;
				CLANG_WARN_INFINITE_RECURSION = YES;
				CLANG_WARN_INT_CONVERSION = YES;
				CLANG_WARN_NON_LITERAL_NULL_CONVERSION = YES;
				CLANG_WARN_OBJC_IMPLICIT_RETAIN_SELF = YES;
				CLANG_WARN_OBJC_LITERAL_CONVERSION = YES;
				CLANG_WARN_OBJC_ROOT_CLASS = YES_ERROR;
				CLANG_WARN_QUOTED_INCLUDE_IN_FRAMEWORK_HEADER = YES;
				CLANG_WARN_RANGE_LOOP_ANALYSIS = YES;
				CLANG_WARN_STRICT_PROTOTYPES = YES;
				CLANG_WARN_SUSPICIOUS_MOVE = YES;
				CLANG_WARN_UNGUARDED_AVAILABILITY = YES_AGGRESSIVE;
				CLANG_WARN_UNREACHABLE_CODE = YES;
				CLANG_WARN__DUPLICATE_METHOD_MATCH = YES;
				COPY_PHASE_STRIP = NO;
				DEBUG_INFORMATION_FORMAT = "dwarf-with-dsym";
				DEVELOPMENT_TEAM = 4K3G2F28PZ;
				ENABLE_NS_ASSERTIONS = NO;
				ENABLE_STRICT_OBJC_MSGSEND = YES;
				ENABLE_USER_SCRIPT_SANDBOXING = YES;
				GCC_C_LANGUAGE_STANDARD = gnu17;
				GCC_NO_COMMON_BLOCKS = YES;
				GCC_WARN_64_TO_32_BIT_CONVERSION = YES;
				GCC_WARN_ABOUT_RETURN_TYPE = YES_ERROR;
				GCC_WARN_UNDECLARED_SELECTOR = YES;
				GCC_WARN_UNINITIALIZED_AUTOS = YES_AGGRESSIVE;
				GCC_WARN_UNUSED_FUNCTION = YES;
				GCC_WARN_UNUSED_VARIABLE = YES;
				IPHONEOS_DEPLOYMENT_TARGET = 18.5;
				LOCALIZATION_PREFERS_STRING_CATALOGS = YES;
				MTL_ENABLE_DEBUG_INFO = NO;
				MTL_FAST_MATH = YES;
				SDKROOT = iphoneos;
				SWIFT_COMPILATION_MODE = wholemodule;
				VALIDATE_PRODUCT = YES;
			};
			name = Release;
		};
		C067542A2EDF067D004CB0F6 /* Debug */ = {
			isa = XCBuildConfiguration;
			buildSettings = {
				BUNDLE_LOADER = "$(TEST_HOST)";
				CODE_SIGN_STYLE = Automatic;
				CURRENT_PROJECT_VERSION = 1;
				DEVELOPMENT_TEAM = 4K3G2F28PZ;
				GENERATE_INFOPLIST_FILE = YES;
				IPHONEOS_DEPLOYMENT_TARGET = 18.5;
				MARKETING_VERSION = 1.0;
				PRODUCT_BUNDLE_IDENTIFIER = com.prashanth.ShelfSmartTests;
				PRODUCT_NAME = "$(TARGET_NAME)";
				SWIFT_EMIT_LOC_STRINGS = NO;
				SWIFT_VERSION = 5.0;
				TARGETED_DEVICE_FAMILY = "1,2";
				TEST_HOST = "$(BUILT_PRODUCTS_DIR)/ShelfSmart.app/$(BUNDLE_EXECUTABLE_FOLDER_PATH)/ShelfSmart";
			};
			name = Debug;
		};
		C067542B2EDF067D004CB0F6 /* Release */ = {
			isa = XCBuildConfiguration;
			buildSettings = {
				BUNDLE_LOADER = "$(TEST_HOST)";
				CODE_SIGN_STYLE = Automatic;
				CURRENT_PROJECT_VERSION = 1;
				DEVELOPMENT_TEAM = 4K3G2F28PZ;
				GENERATE_INFOPLIST_FILE = YES;
				IPHONEOS_DEPLOYMENT_TARGET = 18.5;
				MARKETING_VERSION = 1.0;
				PRODUCT_BUNDLE_IDENTIFIER = com.prashanth.ShelfSmartTests;
				PRODUCT_NAME = "$(TARGET_NAME)";
				SWIFT_EMIT_LOC_STRINGS = NO;
				SWIFT_VERSION = 5.0;
				TARGETED_DEVICE_FAMILY = "1,2";
				TEST_HOST = "$(BUILT_PRODUCTS_DIR)/ShelfSmart.app/$(BUNDLE_EXECUTABLE_FOLDER_PATH)/ShelfSmart";
			};
			name = Release;
		};
		C067542D2EDF067D004CB0F6 /* Debug */ = {
			isa = XCBuildConfiguration;
			buildSettings = {
				CODE_SIGN_STYLE = Automatic;
				CURRENT_PROJECT_VERSION = 1;
				DEVELOPMENT_TEAM = 4K3G2F28PZ;
				GENERATE_INFOPLIST_FILE = YES;
				MARKETING_VERSION = 1.0;
				PRODUCT_BUNDLE_IDENTIFIER = com.prashanth.ShelfSmartUITests;
				PRODUCT_NAME = "$(TARGET_NAME)";
				SWIFT_EMIT_LOC_STRINGS = NO;
				SWIFT_VERSION = 5.0;
				TARGETED_DEVICE_FAMILY = "1,2";
				TEST_TARGET_NAME = ShelfSmart;
			};
			name = Debug;
		};
		C067542E2EDF067D004CB0F6 /* Release */ = {
			isa = XCBuildConfiguration;
			buildSettings = {
				CODE_SIGN_STYLE = Automatic;
				CURRENT_PROJECT_VERSION = 1;
				DEVELOPMENT_TEAM = 4K3G2F28PZ;
				GENERATE_INFOPLIST_FILE = YES;
				MARKETING_VERSION = 1.0;
				PRODUCT_BUNDLE_IDENTIFIER = com.prashanth.ShelfSmartUITests;
				PRODUCT_NAME = "$(TARGET_NAME)";
				SWIFT_EMIT_LOC_STRINGS = NO;
				SWIFT_VERSION = 5.0;
				TARGETED_DEVICE_FAMILY = "1,2";
				TEST_TARGET_NAME = ShelfSmart;
			};
			name = Release;
		};
/* End XCBuildConfiguration section */

/* Begin XCConfigurationList section */
		C06753F32EDF0677004CB0F6 /* Build configuration list for PBXProject "ShelfSmart" */ = {
			isa = XCConfigurationList;
			buildConfigurations = (
				C06754272EDF067D004CB0F6 /* Debug */,
				C06754282EDF067D004CB0F6 /* Release */,
			);
			defaultConfigurationIsVisible = 0;
			defaultConfigurationName = Release;
		};
		C06754242EDF067D004CB0F6 /* Build configuration list for PBXNativeTarget "ShelfSmart" */ = {
			isa = XCConfigurationList;
			buildConfigurations = (
				C06754252EDF067D004CB0F6 /* Debug */,
				C06754262EDF067D004CB0F6 /* Release */,
			);
			defaultConfigurationIsVisible = 0;
			defaultConfigurationName = Release;
		};
		C06754292EDF067D004CB0F6 /* Build configuration list for PBXNativeTarget "ShelfSmartTests" */ = {
			isa = XCConfigurationList;
			buildConfigurations = (
				C067542A2EDF067D004CB0F6 /* Debug */,
				C067542B2EDF067D004CB0F6 /* Release */,
			);
			defaultConfigurationIsVisible = 0;
			defaultConfigurationName = Release;
		};
		C067542C2EDF067D004CB0F6 /* Build configuration list for PBXNativeTarget "ShelfSmartUITests" */ = {
			isa = XCConfigurationList;
			buildConfigurations = (
				C067542D2EDF067D004CB0F6 /* Debug */,
				C067542E2EDF067D004CB0F6 /* Release */,
			);
			defaultConfigurationIsVisible = 0;
			defaultConfigurationName = Release;
		};
/* End XCConfigurationList section */
	};
	rootObject = C06753F02EDF0677004CB0F6 /* Project object */;
}
